
Microsoft Visual Studio Solution File, Format Version 12.00
# Visual Studio Version 16
VisualStudioVersion = 16.0.31624.102
MinimumVisualStudioVersion = 10.0.40219.1
Project("{FAE04EC0-301F-11D3-BF4B-00C04F79EFBC}") = "BasicProgramming", "BasicProgramming\BasicProgramming.csproj", "{997CD192-B593-4892-8C31-06D1E929D2A8}"
EndProject
Global
	GlobalSection(SolutionConfigurationPlatforms) = preSolution
		Debug|Any CPU = Debug|Any CPU
		Release|Any CPU = Release|Any CPU
	EndGlobalSection
	GlobalSection(ProjectConfigurationPlatforms) = postSolution
		{997CD192-B593-4892-8C31-06D1E929D2A8}.Debug|Any CPU.ActiveCfg = Debug|Any CPU
		{997CD192-B593-4892-8C31-06D1E929D2A8}.Debug|Any CPU.Build.0 = Debug|Any CPU
		{997CD192-B593-4892-8C31-06D1E929D2A8}.Release|Any CPU.ActiveCfg = Release|Any CPU
		{997CD192-B593-4892-8C31-06D1E929D2A8}.Release|Any CPU.Build.0 = Release|Any CPU
	EndGlobalSection
	GlobalSection(SolutionProperties) = preSolution
		HideSolutionNode = FALSE
	EndGlobalSection
	GlobalSection(ExtensibilityGlobals) = postSolution
		SolutionGuid = {0F8AA722-B129-4897-A4D9-167C9B75798E}
	EndGlobalSection
EndGlobal
